
Microsoft Visual Studio Solution File, Format Version 12.00
# Visual Studio 15
Project("{FAE04EC0-301F-11D3-BF4B-00C04F79EFBC}") = "Oculus.Platform", "Oculus.Platform.csproj", "{A2ECBC2B-2D44-4E83-7A3D-56599D3C2281}"
EndProject
Project("{FAE04EC0-301F-11D3-BF4B-00C04F79EFBC}") = "Meta.XR.MultiplayerBlocks.Shared", "Meta.XR.MultiplayerBlocks.Shared.csproj", "{32A94144-F1A0-9DBF-4130-122298148F29}"
EndProject
Project("{FAE04EC0-301F-11D3-BF4B-00C04F79EFBC}") = "Oculus.Interaction", "Oculus.Interaction.csproj", "{9B73E0BC-792A-5D23-096E-5870ABB39B3D}"
EndProject
Project("{FAE04EC0-301F-11D3-BF4B-00C04F79EFBC}") = "Meta.WitAi.Lib", "Meta.WitAi.Lib.csproj", "{8BFA07E0-CA97-09F9-90E0-0CB99D19A986}"
EndProject
Project("{FAE04EC0-301F-11D3-BF4B-00C04F79EFBC}") = "Meta.WitAi.TTS", "Meta.WitAi.TTS.csproj", "{D6547088-6F81-ABCE-7726-7164083B8289}"
EndProject
Project("{FAE04EC0-301F-11D3-BF4B-00C04F79EFBC}") = "Meta.XR.BuildingBlocks.Editor", "Meta.XR.BuildingBlocks.Editor.csproj", "{AE3D1E7D-9EF6-29A7-9722-585F715B3E8E}"
EndProject
Project("{FAE04EC0-301F-11D3-BF4B-00C04F79EFBC}") = "Meta.Voice.VSDKHub.Editor", "Meta.Voice.VSDKHub.Editor.csproj", "{B42D47AA-6051-1451-5BE7-C292144A0ECD}"
EndProject
Project("{FAE04EC0-301F-11D3-BF4B-00C04F79EFBC}") = "Meta.XR.BuildingBlocks", "Meta.XR.BuildingBlocks.csproj", "{E9592931-8C30-F324-C12A-61C7AE360E69}"
EndProject
Project("{FAE04EC0-301F-11D3-BF4B-00C04F79EFBC}") = "Meta.WitAi", "Meta.WitAi.csproj", "{F8FE1723-D1C9-A1CF-C37E-BEADBA794C55}"
EndProject
Project("{FAE04EC0-301F-11D3-BF4B-00C04F79EFBC}") = "Oculus.Interaction.OVR.Samples", "Oculus.Interaction.OVR.Samples.csproj", "{37982B51-D4B7-4F94-CB23-A845C279E785}"
EndProject
Project("{FAE04EC0-301F-11D3-BF4B-00C04F79EFBC}") = "Meta.WitAi.Editor", "Meta.WitAi.Editor.csproj", "{12E2FA54-B9AF-856F-433D-D6F7D3F46F3D}"
EndProject
Project("{FAE04EC0-301F-11D3-BF4B-00C04F79EFBC}") = "Oculus.Interaction.Editor", "Oculus.Interaction.Editor.csproj", "{7027EE84-EDE8-F452-C5B6-4544979C8DEF}"
EndProject
Project("{FAE04EC0-301F-11D3-BF4B-00C04F79EFBC}") = "Oculus.Platform.Editor", "Oculus.Platform.Editor.csproj", "{86C42341-EE67-A5F2-3D21-6D4B26300DB3}"
EndProject
Project("{FAE04EC0-301F-11D3-BF4B-00C04F79EFBC}") = "Oculus.VR.Editor", "Oculus.VR.Editor.csproj", "{90A30881-650D-6F73-7E26-369BD69B8AC0}"
EndProject
Project("{FAE04EC0-301F-11D3-BF4B-00C04F79EFBC}") = "Meta.Wit.Dictation", "Meta.Wit.Dictation.csproj", "{FC94A049-70D7-82E2-8885-92BE2C2674A5}"
EndProject
Project("{FAE04EC0-301F-11D3-BF4B-00C04F79EFBC}") = "Meta.WitAi.Conduit.Editor", "Meta.WitAi.Conduit.Editor.csproj", "{9283C33D-DE9E-8EA8-ECC2-B8E0A158386B}"
EndProject
Project("{FAE04EC0-301F-11D3-BF4B-00C04F79EFBC}") = "Meta.Wit.Composer.Editor", "Meta.Wit.Composer.Editor.csproj", "{3D603EDF-C1A6-81C4-E356-F04DE4603828}"
EndProject
Project("{FAE04EC0-301F-11D3-BF4B-00C04F79EFBC}") = "Meta.WitAI.Lib.Editor", "Meta.WitAI.Lib.Editor.csproj", "{B1321585-B600-9F10-09D5-3902144C8152}"
EndProject
Project("{FAE04EC0-301F-11D3-BF4B-00C04F79EFBC}") = "Oculus.VR", "Oculus.VR.csproj", "{303F19B7-59FE-82BB-A56A-28BB80418064}"
EndProject
Project("{FAE04EC0-301F-11D3-BF4B-00C04F79EFBC}") = "Oculus.Interaction.OVR", "Oculus.Interaction.OVR.csproj", "{5C5E2E6B-CDE9-2CC8-E2F5-DA4578F51192}"
EndProject
Project("{FAE04EC0-301F-11D3-BF4B-00C04F79EFBC}") = "VoiceSDK.Editor", "VoiceSDK.Editor.csproj", "{4C78A8EC-EA08-0F44-EEC2-92873D540A11}"
EndProject
Project("{FAE04EC0-301F-11D3-BF4B-00C04F79EFBC}") = "Meta.XR.Guides.Editor", "Meta.XR.Guides.Editor.csproj", "{53CBB02E-DB45-FEB4-2370-2B495FFB85DA}"
EndProject
Project("{FAE04EC0-301F-11D3-BF4B-00C04F79EFBC}") = "Oculus.VR.Scripts.Editor", "Oculus.VR.Scripts.Editor.csproj", "{7934A7B7-FBD6-9213-790D-6A39703CA918}"
EndProject
Project("{FAE04EC0-301F-11D3-BF4B-00C04F79EFBC}") = "Meta.Net.endel.nativewebsocket", "Meta.Net.endel.nativewebsocket.csproj", "{D076722A-1389-ED98-1EE1-987AA889F99F}"
EndProject
Project("{FAE04EC0-301F-11D3-BF4B-00C04F79EFBC}") = "Meta.WitAi.Conduit", "Meta.WitAi.Conduit.csproj", "{A71ABBD8-FDBD-DB26-225D-8AB2798660E3}"
EndProject
Project("{FAE04EC0-301F-11D3-BF4B-00C04F79EFBC}") = "Meta.Wit.Composer", "Meta.Wit.Composer.csproj", "{13C94471-C906-A360-A1BC-03F86276A4B3}"
EndProject
Project("{FAE04EC0-301F-11D3-BF4B-00C04F79EFBC}") = "Oculus.Interaction.OVR.Editor", "Oculus.Interaction.OVR.Editor.csproj", "{8A0C7604-9A28-CB14-F5C2-F42E0F3821F4}"
EndProject
Project("{FAE04EC0-301F-11D3-BF4B-00C04F79EFBC}") = "VoiceSDK.Runtime", "VoiceSDK.Runtime.csproj", "{EDFEC032-46F4-E085-C36E-9027CD7CE79C}"
EndProject
Project("{FAE04EC0-301F-11D3-BF4B-00C04F79EFBC}") = "Assembly-CSharp", "Assembly-CSharp.csproj", "{56899E53-C96F-C6C0-12A8-2F7E08B2D4AA}"
EndProject
Project("{FAE04EC0-301F-11D3-BF4B-00C04F79EFBC}") = "VoiceSDK.Telemetry", "VoiceSDK.Telemetry.csproj", "{C46C7D0A-19CE-C6DA-2B87-FD02E1D80905}"
EndProject
Project("{FAE04EC0-301F-11D3-BF4B-00C04F79EFBC}") = "Oculus.Haptics", "Oculus.Haptics.csproj", "{FBE9A3E5-794A-D39C-B216-D8455FB5B846}"
EndProject
Project("{FAE04EC0-301F-11D3-BF4B-00C04F79EFBC}") = "meta.xr.mrutilitykit", "meta.xr.mrutilitykit.csproj", "{BF2237DB-9F94-B68C-603E-A70D97B55222}"
EndProject
Project("{FAE04EC0-301F-11D3-BF4B-00C04F79EFBC}") = "AssistantCoreSDKRuntime", "AssistantCoreSDKRuntime.csproj", "{21770750-817F-0717-4504-B7F981979C46}"
EndProject
Project("{FAE04EC0-301F-11D3-BF4B-00C04F79EFBC}") = "Meta.XR.Audio.Editor", "Meta.XR.Audio.Editor.csproj", "{FAF33703-CA38-966C-5594-5271537113EF}"
EndProject
Project("{FAE04EC0-301F-11D3-BF4B-00C04F79EFBC}") = "VoiceSDK.Dictation.Runtime", "VoiceSDK.Dictation.Runtime.csproj", "{E9B16074-75B6-3764-7332-7D5E60C373A8}"
EndProject
Project("{FAE04EC0-301F-11D3-BF4B-00C04F79EFBC}") = "Meta.XR.Editor.StatusMenu", "Meta.XR.Editor.StatusMenu.csproj", "{45262D12-C7CD-BA8C-F64C-DFDDE5896D5D}"
EndProject
Project("{FAE04EC0-301F-11D3-BF4B-00C04F79EFBC}") = "meta.xr.mrutilitykit.editor", "meta.xr.mrutilitykit.editor.csproj", "{389BE2F6-2BFE-0ABB-A800-10A9CDA2C0A3}"
EndProject
Project("{FAE04EC0-301F-11D3-BF4B-00C04F79EFBC}") = "AssistantVoiceCommandCommon", "AssistantVoiceCommandCommon.csproj", "{1BA8C6D2-4992-1FCB-C06B-6E3B8421CD4F}"
EndProject
Project("{FAE04EC0-301F-11D3-BF4B-00C04F79EFBC}") = "Meta.XR.MultiplayerBlocks.NGO.Editor", "Meta.XR.MultiplayerBlocks.NGO.Editor.csproj", "{F51C224F-50F4-6DC5-08E7-CDC804515AD4}"
EndProject
Project("{FAE04EC0-301F-11D3-BF4B-00C04F79EFBC}") = "Oculus.Interaction.Samples.Editor", "Oculus.Interaction.Samples.Editor.csproj", "{F86D7F90-62CC-4B45-092D-3C84DFF8F048}"
EndProject
Project("{FAE04EC0-301F-11D3-BF4B-00C04F79EFBC}") = "Meta.XR.Editor.Tags", "Meta.XR.Editor.Tags.csproj", "{D16F0E46-A2D6-23A4-ED75-6F00C2D233CB}"
EndProject
Project("{FAE04EC0-301F-11D3-BF4B-00C04F79EFBC}") = "VoiceSDK.Dictation.Editor", "VoiceSDK.Dictation.Editor.csproj", "{D3294D47-E893-C8C7-F965-5C58315428E3}"
EndProject
Project("{FAE04EC0-301F-11D3-BF4B-00C04F79EFBC}") = "meta.xr.mrutilitykit.tests", "meta.xr.mrutilitykit.tests.csproj", "{9043E232-342A-B849-44A1-08893BC67E3F}"
EndProject
Project("{FAE04EC0-301F-11D3-BF4B-00C04F79EFBC}") = "Meta.XR.MultiplayerBlocks.Fusion.Editor", "Meta.XR.MultiplayerBlocks.Fusion.Editor.csproj", "{4691319E-BFC7-187A-C255-E66497774BAB}"
EndProject
Project("{FAE04EC0-301F-11D3-BF4B-00C04F79EFBC}") = "Meta.XR.Editor.PlayCompanion", "Meta.XR.Editor.PlayCompanion.csproj", "{65A36F49-A0AB-475A-689E-A468BC3E25A7}"
EndProject
Project("{FAE04EC0-301F-11D3-BF4B-00C04F79EFBC}") = "Meta.Voice.Hub.Editor", "Meta.Voice.Hub.Editor.csproj", "{44899166-38B7-C257-FC34-66C6CF519C51}"
EndProject
Project("{FAE04EC0-301F-11D3-BF4B-00C04F79EFBC}") = "Oculus.Interaction.InterfaceSupport", "Oculus.Interaction.InterfaceSupport.csproj", "{AF46E87D-7F62-B3E6-0AE7-42337CD3E681}"
EndProject
Project("{FAE04EC0-301F-11D3-BF4B-00C04F79EFBC}") = "MetaXrSimulator.Editor", "MetaXrSimulator.Editor.csproj", "{F62B6949-41C8-FCFD-9DEA-8923332F1E5D}"
EndProject
Project("{FAE04EC0-301F-11D3-BF4B-00C04F79EFBC}") = "Meta.VoiceSDK.Mic.Common", "Meta.VoiceSDK.Mic.Common.csproj", "{3AD55DAB-C9A5-AE34-4435-CC7AF9CC2B7D}"
EndProject
Project("{FAE04EC0-301F-11D3-BF4B-00C04F79EFBC}") = "AssistantCoreSDKEditor", "AssistantCoreSDKEditor.csproj", "{33558242-9C40-377C-397E-A9A0024B1F5F}"
EndProject
Project("{FAE04EC0-301F-11D3-BF4B-00C04F79EFBC}") = "Meta.XR.Editor.Callbacks", "Meta.XR.Editor.Callbacks.csproj", "{DDE4FB04-0EFE-F265-F90E-BD7F94B0DF80}"
EndProject
Project("{FAE04EC0-301F-11D3-BF4B-00C04F79EFBC}") = "Meta.WitAi.TTS.Editor", "Meta.WitAi.TTS.Editor.csproj", "{68C8CB18-5B3C-4A52-4C3C-DCF8CCE53238}"
EndProject
Project("{FAE04EC0-301F-11D3-BF4B-00C04F79EFBC}") = "AssistantVoiceCommandCommon.Editor", "AssistantVoiceCommandCommon.Editor.csproj", "{CD85621D-BBCC-28D5-5BAA-95B2687B1667}"
EndProject
Project("{FAE04EC0-301F-11D3-BF4B-00C04F79EFBC}") = "Meta.XR.Audio", "Meta.XR.Audio.csproj", "{BBC04FF3-71EF-7A6D-A6C6-78B7EF4A4C56}"
EndProject
Project("{FAE04EC0-301F-11D3-BF4B-00C04F79EFBC}") = "Meta.XR.MultiplayerBlocks.Shared.Editor", "Meta.XR.MultiplayerBlocks.Shared.Editor.csproj", "{D66EA49C-BA55-5E97-7755-8164696F02CB}"
EndProject
Project("{FAE04EC0-301F-11D3-BF4B-00C04F79EFBC}") = "Meta.Wit.Dictation.Editor", "Meta.Wit.Dictation.Editor.csproj", "{6EBF80F8-69B4-A050-108A-B7A5B34358BA}"
EndProject
Project("{FAE04EC0-301F-11D3-BF4B-00C04F79EFBC}") = "Meta.Voice.Hub.Runtime", "Meta.Voice.Hub.Runtime.csproj", "{569665A4-D466-A39E-B6FE-C0192D530283}"
EndProject
Project("{FAE04EC0-301F-11D3-BF4B-00C04F79EFBC}") = "Meta.VoiceSDK.Mic.WebGL", "Meta.VoiceSDK.Mic.WebGL.csproj", "{81E32C51-0429-4649-73A6-5CAE4B279F4B}"
EndProject
Project("{FAE04EC0-301F-11D3-BF4B-00C04F79EFBC}") = "Oculus.Haptics.Editor", "Oculus.Haptics.Editor.csproj", "{6E5BDFF4-F539-8F00-89DF-114446A039DF}"
EndProject
Project("{FAE04EC0-301F-11D3-BF4B-00C04F79EFBC}") = "VoiceSDK.Runtime.Composer", "VoiceSDK.Runtime.Composer.csproj", "{CCD27861-5F82-DAD5-E4A9-7EAB95E4F047}"
EndProject
Project("{FAE04EC0-301F-11D3-BF4B-00C04F79EFBC}") = "Meta.XR.Editor.UserInterface", "Meta.XR.Editor.UserInterface.csproj", "{D4C1912B-942B-A783-E888-27786D10123E}"
EndProject
Project("{FAE04EC0-301F-11D3-BF4B-00C04F79EFBC}") = "VoiceSDK.Editor.Composer", "VoiceSDK.Editor.Composer.csproj", "{6B11FE70-3AA0-0D0A-AB1C-C615DD8DC5F5}"
EndProject
Project("{FAE04EC0-301F-11D3-BF4B-00C04F79EFBC}") = "Meta.VoiceSDK.Mic.Other", "Meta.VoiceSDK.Mic.Other.csproj", "{B1EBCCD4-7058-21BF-2B8F-25E7AD88D1BA}"
EndProject
Global
	GlobalSection(SolutionConfigurationPlatforms) = preSolution
		Debug|Any CPU = Debug|Any CPU
		Release|Any CPU = Release|Any CPU
	EndGlobalSection
	GlobalSection(ProjectConfigurationPlatforms) = postSolution
		{A2ECBC2B-2D44-4E83-7A3D-56599D3C2281}.Debug|Any CPU.ActiveCfg = Debug|Any CPU
		{A2ECBC2B-2D44-4E83-7A3D-56599D3C2281}.Debug|Any CPU.Build.0 = Debug|Any CPU
		{A2ECBC2B-2D44-4E83-7A3D-56599D3C2281}.Release|Any CPU.ActiveCfg = Release|Any CPU
		{A2ECBC2B-2D44-4E83-7A3D-56599D3C2281}.Release|Any CPU.Build.0 = Release|Any CPU
		{32A94144-F1A0-9DBF-4130-122298148F29}.Debug|Any CPU.ActiveCfg = Debug|Any CPU
		{32A94144-F1A0-9DBF-4130-122298148F29}.Debug|Any CPU.Build.0 = Debug|Any CPU
		{32A94144-F1A0-9DBF-4130-122298148F29}.Release|Any CPU.ActiveCfg = Release|Any CPU
		{32A94144-F1A0-9DBF-4130-122298148F29}.Release|Any CPU.Build.0 = Release|Any CPU
		{9B73E0BC-792A-5D23-096E-5870ABB39B3D}.Debug|Any CPU.ActiveCfg = Debug|Any CPU
		{9B73E0BC-792A-5D23-096E-5870ABB39B3D}.Debug|Any CPU.Build.0 = Debug|Any CPU
		{9B73E0BC-792A-5D23-096E-5870ABB39B3D}.Release|Any CPU.ActiveCfg = Release|Any CPU
		{9B73E0BC-792A-5D23-096E-5870ABB39B3D}.Release|Any CPU.Build.0 = Release|Any CPU
		{8BFA07E0-CA97-09F9-90E0-0CB99D19A986}.Debug|Any CPU.ActiveCfg = Debug|Any CPU
		{8BFA07E0-CA97-09F9-90E0-0CB99D19A986}.Debug|Any CPU.Build.0 = Debug|Any CPU
		{8BFA07E0-CA97-09F9-90E0-0CB99D19A986}.Release|Any CPU.ActiveCfg = Release|Any CPU
		{8BFA07E0-CA97-09F9-90E0-0CB99D19A986}.Release|Any CPU.Build.0 = Release|Any CPU
		{D6547088-6F81-ABCE-7726-7164083B8289}.Debug|Any CPU.ActiveCfg = Debug|Any CPU
		{D6547088-6F81-ABCE-7726-7164083B8289}.Debug|Any CPU.Build.0 = Debug|Any CPU
		{D6547088-6F81-ABCE-7726-7164083B8289}.Release|Any CPU.ActiveCfg = Release|Any CPU
		{D6547088-6F81-ABCE-7726-7164083B8289}.Release|Any CPU.Build.0 = Release|Any CPU
		{AE3D1E7D-9EF6-29A7-9722-585F715B3E8E}.Debug|Any CPU.ActiveCfg = Debug|Any CPU
		{AE3D1E7D-9EF6-29A7-9722-585F715B3E8E}.Debug|Any CPU.Build.0 = Debug|Any CPU
		{AE3D1E7D-9EF6-29A7-9722-585F715B3E8E}.Release|Any CPU.ActiveCfg = Release|Any CPU
		{AE3D1E7D-9EF6-29A7-9722-585F715B3E8E}.Release|Any CPU.Build.0 = Release|Any CPU
		{B42D47AA-6051-1451-5BE7-C292144A0ECD}.Debug|Any CPU.ActiveCfg = Debug|Any CPU
		{B42D47AA-6051-1451-5BE7-C292144A0ECD}.Debug|Any CPU.Build.0 = Debug|Any CPU
		{B42D47AA-6051-1451-5BE7-C292144A0ECD}.Release|Any CPU.ActiveCfg = Release|Any CPU
		{B42D47AA-6051-1451-5BE7-C292144A0ECD}.Release|Any CPU.Build.0 = Release|Any CPU
		{E9592931-8C30-F324-C12A-61C7AE360E69}.Debug|Any CPU.ActiveCfg = Debug|Any CPU
		{E9592931-8C30-F324-C12A-61C7AE360E69}.Debug|Any CPU.Build.0 = Debug|Any CPU
		{E9592931-8C30-F324-C12A-61C7AE360E69}.Release|Any CPU.ActiveCfg = Release|Any CPU
		{E9592931-8C30-F324-C12A-61C7AE360E69}.Release|Any CPU.Build.0 = Release|Any CPU
		{F8FE1723-D1C9-A1CF-C37E-BEADBA794C55}.Debug|Any CPU.ActiveCfg = Debug|Any CPU
		{F8FE1723-D1C9-A1CF-C37E-BEADBA794C55}.Debug|Any CPU.Build.0 = Debug|Any CPU
		{F8FE1723-D1C9-A1CF-C37E-BEADBA794C55}.Release|Any CPU.ActiveCfg = Release|Any CPU
		{F8FE1723-D1C9-A1CF-C37E-BEADBA794C55}.Release|Any CPU.Build.0 = Release|Any CPU
		{37982B51-D4B7-4F94-CB23-A845C279E785}.Debug|Any CPU.ActiveCfg = Debug|Any CPU
		{37982B51-D4B7-4F94-CB23-A845C279E785}.Debug|Any CPU.Build.0 = Debug|Any CPU
		{37982B51-D4B7-4F94-CB23-A845C279E785}.Release|Any CPU.ActiveCfg = Release|Any CPU
		{37982B51-D4B7-4F94-CB23-A845C279E785}.Release|Any CPU.Build.0 = Release|Any CPU
		{12E2FA54-B9AF-856F-433D-D6F7D3F46F3D}.Debug|Any CPU.ActiveCfg = Debug|Any CPU
		{12E2FA54-B9AF-856F-433D-D6F7D3F46F3D}.Debug|Any CPU.Build.0 = Debug|Any CPU
		{12E2FA54-B9AF-856F-433D-D6F7D3F46F3D}.Release|Any CPU.ActiveCfg = Release|Any CPU
		{12E2FA54-B9AF-856F-433D-D6F7D3F46F3D}.Release|Any CPU.Build.0 = Release|Any CPU
		{7027EE84-EDE8-F452-C5B6-4544979C8DEF}.Debug|Any CPU.ActiveCfg = Debug|Any CPU
		{7027EE84-EDE8-F452-C5B6-4544979C8DEF}.Debug|Any CPU.Build.0 = Debug|Any CPU
		{7027EE84-EDE8-F452-C5B6-4544979C8DEF}.Release|Any CPU.ActiveCfg = Release|Any CPU
		{7027EE84-EDE8-F452-C5B6-4544979C8DEF}.Release|Any CPU.Build.0 = Release|Any CPU
		{86C42341-EE67-A5F2-3D21-6D4B26300DB3}.Debug|Any CPU.ActiveCfg = Debug|Any CPU
		{86C42341-EE67-A5F2-3D21-6D4B26300DB3}.Debug|Any CPU.Build.0 = Debug|Any CPU
		{86C42341-EE67-A5F2-3D21-6D4B26300DB3}.Release|Any CPU.ActiveCfg = Release|Any CPU
		{86C42341-EE67-A5F2-3D21-6D4B26300DB3}.Release|Any CPU.Build.0 = Release|Any CPU
		{90A30881-650D-6F73-7E26-369BD69B8AC0}.Debug|Any CPU.ActiveCfg = Debug|Any CPU
		{90A30881-650D-6F73-7E26-369BD69B8AC0}.Debug|Any CPU.Build.0 = Debug|Any CPU
		{90A30881-650D-6F73-7E26-369BD69B8AC0}.Release|Any CPU.ActiveCfg = Release|Any CPU
		{90A30881-650D-6F73-7E26-369BD69B8AC0}.Release|Any CPU.Build.0 = Release|Any CPU
		{FC94A049-70D7-82E2-8885-92BE2C2674A5}.Debug|Any CPU.ActiveCfg = Debug|Any CPU
		{FC94A049-70D7-82E2-8885-92BE2C2674A5}.Debug|Any CPU.Build.0 = Debug|Any CPU
		{FC94A049-70D7-82E2-8885-92BE2C2674A5}.Release|Any CPU.ActiveCfg = Release|Any CPU
		{FC94A049-70D7-82E2-8885-92BE2C2674A5}.Release|Any CPU.Build.0 = Release|Any CPU
		{9283C33D-DE9E-8EA8-ECC2-B8E0A158386B}.Debug|Any CPU.ActiveCfg = Debug|Any CPU
		{9283C33D-DE9E-8EA8-ECC2-B8E0A158386B}.Debug|Any CPU.Build.0 = Debug|Any CPU
		{9283C33D-DE9E-8EA8-ECC2-B8E0A158386B}.Release|Any CPU.ActiveCfg = Release|Any CPU
		{9283C33D-DE9E-8EA8-ECC2-B8E0A158386B}.Release|Any CPU.Build.0 = Release|Any CPU
		{3D603EDF-C1A6-81C4-E356-F04DE4603828}.Debug|Any CPU.ActiveCfg = Debug|Any CPU
		{3D603EDF-C1A6-81C4-E356-F04DE4603828}.Debug|Any CPU.Build.0 = Debug|Any CPU
		{3D603EDF-C1A6-81C4-E356-F04DE4603828}.Release|Any CPU.ActiveCfg = Release|Any CPU
		{3D603EDF-C1A6-81C4-E356-F04DE4603828}.Release|Any CPU.Build.0 = Release|Any CPU
		{B1321585-B600-9F10-09D5-3902144C8152}.Debug|Any CPU.ActiveCfg = Debug|Any CPU
		{B1321585-B600-9F10-09D5-3902144C8152}.Debug|Any CPU.Build.0 = Debug|Any CPU
		{B1321585-B600-9F10-09D5-3902144C8152}.Release|Any CPU.ActiveCfg = Release|Any CPU
		{B1321585-B600-9F10-09D5-3902144C8152}.Release|Any CPU.Build.0 = Release|Any CPU
		{303F19B7-59FE-82BB-A56A-28BB80418064}.Debug|Any CPU.ActiveCfg = Debug|Any CPU
		{303F19B7-59FE-82BB-A56A-28BB80418064}.Debug|Any CPU.Build.0 = Debug|Any CPU
		{303F19B7-59FE-82BB-A56A-28BB80418064}.Release|Any CPU.ActiveCfg = Release|Any CPU
		{303F19B7-59FE-82BB-A56A-28BB80418064}.Release|Any CPU.Build.0 = Release|Any CPU
		{5C5E2E6B-CDE9-2CC8-E2F5-DA4578F51192}.Debug|Any CPU.ActiveCfg = Debug|Any CPU
		{5C5E2E6B-CDE9-2CC8-E2F5-DA4578F51192}.Debug|Any CPU.Build.0 = Debug|Any CPU
		{5C5E2E6B-CDE9-2CC8-E2F5-DA4578F51192}.Release|Any CPU.ActiveCfg = Release|Any CPU
		{5C5E2E6B-CDE9-2CC8-E2F5-DA4578F51192}.Release|Any CPU.Build.0 = Release|Any CPU
		{4C78A8EC-EA08-0F44-EEC2-92873D540A11}.Debug|Any CPU.ActiveCfg = Debug|Any CPU
		{4C78A8EC-EA08-0F44-EEC2-92873D540A11}.Debug|Any CPU.Build.0 = Debug|Any CPU
		{4C78A8EC-EA08-0F44-EEC2-92873D540A11}.Release|Any CPU.ActiveCfg = Release|Any CPU
		{4C78A8EC-EA08-0F44-EEC2-92873D540A11}.Release|Any CPU.Build.0 = Release|Any CPU
		{53CBB02E-DB45-FEB4-2370-2B495FFB85DA}.Debug|Any CPU.ActiveCfg = Debug|Any CPU
		{53CBB02E-DB45-FEB4-2370-2B495FFB85DA}.Debug|Any CPU.Build.0 = Debug|Any CPU
		{53CBB02E-DB45-FEB4-2370-2B495FFB85DA}.Release|Any CPU.ActiveCfg = Release|Any CPU
		{53CBB02E-DB45-FEB4-2370-2B495FFB85DA}.Release|Any CPU.Build.0 = Release|Any CPU
		{7934A7B7-FBD6-9213-790D-6A39703CA918}.Debug|Any CPU.ActiveCfg = Debug|Any CPU
		{7934A7B7-FBD6-9213-790D-6A39703CA918}.Debug|Any CPU.Build.0 = Debug|Any CPU
		{7934A7B7-FBD6-9213-790D-6A39703CA918}.Release|Any CPU.ActiveCfg = Release|Any CPU
		{7934A7B7-FBD6-9213-790D-6A39703CA918}.Release|Any CPU.Build.0 = Release|Any CPU
		{D076722A-1389-ED98-1EE1-987AA889F99F}.Debug|Any CPU.ActiveCfg = Debug|Any CPU
		{D076722A-1389-ED98-1EE1-987AA889F99F}.Debug|Any CPU.Build.0 = Debug|Any CPU
		{D076722A-1389-ED98-1EE1-987AA889F99F}.Release|Any CPU.ActiveCfg = Release|Any CPU
		{D076722A-1389-ED98-1EE1-987AA889F99F}.Release|Any CPU.Build.0 = Release|Any CPU
		{A71ABBD8-FDBD-DB26-225D-8AB2798660E3}.Debug|Any CPU.ActiveCfg = Debug|Any CPU
		{A71ABBD8-FDBD-DB26-225D-8AB2798660E3}.Debug|Any CPU.Build.0 = Debug|Any CPU
		{A71ABBD8-FDBD-DB26-225D-8AB2798660E3}.Release|Any CPU.ActiveCfg = Release|Any CPU
		{A71ABBD8-FDBD-DB26-225D-8AB2798660E3}.Release|Any CPU.Build.0 = Release|Any CPU
		{13C94471-C906-A360-A1BC-03F86276A4B3}.Debug|Any CPU.ActiveCfg = Debug|Any CPU
		{13C94471-C906-A360-A1BC-03F86276A4B3}.Debug|Any CPU.Build.0 = Debug|Any CPU
		{13C94471-C906-A360-A1BC-03F86276A4B3}.Release|Any CPU.ActiveCfg = Release|Any CPU
		{13C94471-C906-A360-A1BC-03F86276A4B3}.Release|Any CPU.Build.0 = Release|Any CPU
		{8A0C7604-9A28-CB14-F5C2-F42E0F3821F4}.Debug|Any CPU.ActiveCfg = Debug|Any CPU
		{8A0C7604-9A28-CB14-F5C2-F42E0F3821F4}.Debug|Any CPU.Build.0 = Debug|Any CPU
		{8A0C7604-9A28-CB14-F5C2-F42E0F3821F4}.Release|Any CPU.ActiveCfg = Release|Any CPU
		{8A0C7604-9A28-CB14-F5C2-F42E0F3821F4}.Release|Any CPU.Build.0 = Release|Any CPU
		{EDFEC032-46F4-E085-C36E-9027CD7CE79C}.Debug|Any CPU.ActiveCfg = Debug|Any CPU
		{EDFEC032-46F4-E085-C36E-9027CD7CE79C}.Debug|Any CPU.Build.0 = Debug|Any CPU
		{EDFEC032-46F4-E085-C36E-9027CD7CE79C}.Release|Any CPU.ActiveCfg = Release|Any CPU
		{EDFEC032-46F4-E085-C36E-9027CD7CE79C}.Release|Any CPU.Build.0 = Release|Any CPU
		{56899E53-C96F-C6C0-12A8-2F7E08B2D4AA}.Debug|Any CPU.ActiveCfg = Debug|Any CPU
		{56899E53-C96F-C6C0-12A8-2F7E08B2D4AA}.Debug|Any CPU.Build.0 = Debug|Any CPU
		{56899E53-C96F-C6C0-12A8-2F7E08B2D4AA}.Release|Any CPU.ActiveCfg = Release|Any CPU
		{56899E53-C96F-C6C0-12A8-2F7E08B2D4AA}.Release|Any CPU.Build.0 = Release|Any CPU
		{C46C7D0A-19CE-C6DA-2B87-FD02E1D80905}.Debug|Any CPU.ActiveCfg = Debug|Any CPU
		{C46C7D0A-19CE-C6DA-2B87-FD02E1D80905}.Debug|Any CPU.Build.0 = Debug|Any CPU
		{C46C7D0A-19CE-C6DA-2B87-FD02E1D80905}.Release|Any CPU.ActiveCfg = Release|Any CPU
		{C46C7D0A-19CE-C6DA-2B87-FD02E1D80905}.Release|Any CPU.Build.0 = Release|Any CPU
		{FBE9A3E5-794A-D39C-B216-D8455FB5B846}.Debug|Any CPU.ActiveCfg = Debug|Any CPU
		{FBE9A3E5-794A-D39C-B216-D8455FB5B846}.Debug|Any CPU.Build.0 = Debug|Any CPU
		{FBE9A3E5-794A-D39C-B216-D8455FB5B846}.Release|Any CPU.ActiveCfg = Release|Any CPU
		{FBE9A3E5-794A-D39C-B216-D8455FB5B846}.Release|Any CPU.Build.0 = Release|Any CPU
		{BF2237DB-9F94-B68C-603E-A70D97B55222}.Debug|Any CPU.ActiveCfg = Debug|Any CPU
		{BF2237DB-9F94-B68C-603E-A70D97B55222}.Debug|Any CPU.Build.0 = Debug|Any CPU
		{BF2237DB-9F94-B68C-603E-A70D97B55222}.Release|Any CPU.ActiveCfg = Release|Any CPU
		{BF2237DB-9F94-B68C-603E-A70D97B55222}.Release|Any CPU.Build.0 = Release|Any CPU
		{21770750-817F-0717-4504-B7F981979C46}.Debug|Any CPU.ActiveCfg = Debug|Any CPU
		{21770750-817F-0717-4504-B7F981979C46}.Debug|Any CPU.Build.0 = Debug|Any CPU
		{21770750-817F-0717-4504-B7F981979C46}.Release|Any CPU.ActiveCfg = Release|Any CPU
		{21770750-817F-0717-4504-B7F981979C46}.Release|Any CPU.Build.0 = Release|Any CPU
		{FAF33703-CA38-966C-5594-5271537113EF}.Debug|Any CPU.ActiveCfg = Debug|Any CPU
		{FAF33703-CA38-966C-5594-5271537113EF}.Debug|Any CPU.Build.0 = Debug|Any CPU
		{FAF33703-CA38-966C-5594-5271537113EF}.Release|Any CPU.ActiveCfg = Release|Any CPU
		{FAF33703-CA38-966C-5594-5271537113EF}.Release|Any CPU.Build.0 = Release|Any CPU
		{E9B16074-75B6-3764-7332-7D5E60C373A8}.Debug|Any CPU.ActiveCfg = Debug|Any CPU
		{E9B16074-75B6-3764-7332-7D5E60C373A8}.Debug|Any CPU.Build.0 = Debug|Any CPU
		{E9B16074-75B6-3764-7332-7D5E60C373A8}.Release|Any CPU.ActiveCfg = Release|Any CPU
		{E9B16074-75B6-3764-7332-7D5E60C373A8}.Release|Any CPU.Build.0 = Release|Any CPU
		{45262D12-C7CD-BA8C-F64C-DFDDE5896D5D}.Debug|Any CPU.ActiveCfg = Debug|Any CPU
		{45262D12-C7CD-BA8C-F64C-DFDDE5896D5D}.Debug|Any CPU.Build.0 = Debug|Any CPU
		{45262D12-C7CD-BA8C-F64C-DFDDE5896D5D}.Release|Any CPU.ActiveCfg = Release|Any CPU
		{45262D12-C7CD-BA8C-F64C-DFDDE5896D5D}.Release|Any CPU.Build.0 = Release|Any CPU
		{389BE2F6-2BFE-0ABB-A800-10A9CDA2C0A3}.Debug|Any CPU.ActiveCfg = Debug|Any CPU
		{389BE2F6-2BFE-0ABB-A800-10A9CDA2C0A3}.Debug|Any CPU.Build.0 = Debug|Any CPU
		{389BE2F6-2BFE-0ABB-A800-10A9CDA2C0A3}.Release|Any CPU.ActiveCfg = Release|Any CPU
		{389BE2F6-2BFE-0ABB-A800-10A9CDA2C0A3}.Release|Any CPU.Build.0 = Release|Any CPU
		{1BA8C6D2-4992-1FCB-C06B-6E3B8421CD4F}.Debug|Any CPU.ActiveCfg = Debug|Any CPU
		{1BA8C6D2-4992-1FCB-C06B-6E3B8421CD4F}.Debug|Any CPU.Build.0 = Debug|Any CPU
		{1BA8C6D2-4992-1FCB-C06B-6E3B8421CD4F}.Release|Any CPU.ActiveCfg = Release|Any CPU
		{1BA8C6D2-4992-1FCB-C06B-6E3B8421CD4F}.Release|Any CPU.Build.0 = Release|Any CPU
		{F51C224F-50F4-6DC5-08E7-CDC804515AD4}.Debug|Any CPU.ActiveCfg = Debug|Any CPU
		{F51C224F-50F4-6DC5-08E7-CDC804515AD4}.Debug|Any CPU.Build.0 = Debug|Any CPU
		{F51C224F-50F4-6DC5-08E7-CDC804515AD4}.Release|Any CPU.ActiveCfg = Release|Any CPU
		{F51C224F-50F4-6DC5-08E7-CDC804515AD4}.Release|Any CPU.Build.0 = Release|Any CPU
		{F86D7F90-62CC-4B45-092D-3C84DFF8F048}.Debug|Any CPU.ActiveCfg = Debug|Any CPU
		{F86D7F90-62CC-4B45-092D-3C84DFF8F048}.Debug|Any CPU.Build.0 = Debug|Any CPU
		{F86D7F90-62CC-4B45-092D-3C84DFF8F048}.Release|Any CPU.ActiveCfg = Release|Any CPU
		{F86D7F90-62CC-4B45-092D-3C84DFF8F048}.Release|Any CPU.Build.0 = Release|Any CPU
		{D16F0E46-A2D6-23A4-ED75-6F00C2D233CB}.Debug|Any CPU.ActiveCfg = Debug|Any CPU
		{D16F0E46-A2D6-23A4-ED75-6F00C2D233CB}.Debug|Any CPU.Build.0 = Debug|Any CPU
		{D16F0E46-A2D6-23A4-ED75-6F00C2D233CB}.Release|Any CPU.ActiveCfg = Release|Any CPU
		{D16F0E46-A2D6-23A4-ED75-6F00C2D233CB}.Release|Any CPU.Build.0 = Release|Any CPU
		{D3294D47-E893-C8C7-F965-5C58315428E3}.Debug|Any CPU.ActiveCfg = Debug|Any CPU
		{D3294D47-E893-C8C7-F965-5C58315428E3}.Debug|Any CPU.Build.0 = Debug|Any CPU
		{D3294D47-E893-C8C7-F965-5C58315428E3}.Release|Any CPU.ActiveCfg = Release|Any CPU
		{D3294D47-E893-C8C7-F965-5C58315428E3}.Release|Any CPU.Build.0 = Release|Any CPU
		{9043E232-342A-B849-44A1-08893BC67E3F}.Debug|Any CPU.ActiveCfg = Debug|Any CPU
		{9043E232-342A-B849-44A1-08893BC67E3F}.Debug|Any CPU.Build.0 = Debug|Any CPU
		{9043E232-342A-B849-44A1-08893BC67E3F}.Release|Any CPU.ActiveCfg = Release|Any CPU
		{9043E232-342A-B849-44A1-08893BC67E3F}.Release|Any CPU.Build.0 = Release|Any CPU
		{4691319E-BFC7-187A-C255-E66497774BAB}.Debug|Any CPU.ActiveCfg = Debug|Any CPU
		{4691319E-BFC7-187A-C255-E66497774BAB}.Debug|Any CPU.Build.0 = Debug|Any CPU
		{4691319E-BFC7-187A-C255-E66497774BAB}.Release|Any CPU.ActiveCfg = Release|Any CPU
		{4691319E-BFC7-187A-C255-E66497774BAB}.Release|Any CPU.Build.0 = Release|Any CPU
		{65A36F49-A0AB-475A-689E-A468BC3E25A7}.Debug|Any CPU.ActiveCfg = Debug|Any CPU
		{65A36F49-A0AB-475A-689E-A468BC3E25A7}.Debug|Any CPU.Build.0 = Debug|Any CPU
		{65A36F49-A0AB-475A-689E-A468BC3E25A7}.Release|Any CPU.ActiveCfg = Release|Any CPU
		{65A36F49-A0AB-475A-689E-A468BC3E25A7}.Release|Any CPU.Build.0 = Release|Any CPU
		{44899166-38B7-C257-FC34-66C6CF519C51}.Debug|Any CPU.ActiveCfg = Debug|Any CPU
		{44899166-38B7-C257-FC34-66C6CF519C51}.Debug|Any CPU.Build.0 = Debug|Any CPU
		{44899166-38B7-C257-FC34-66C6CF519C51}.Release|Any CPU.ActiveCfg = Release|Any CPU
		{44899166-38B7-C257-FC34-66C6CF519C51}.Release|Any CPU.Build.0 = Release|Any CPU
		{AF46E87D-7F62-B3E6-0AE7-42337CD3E681}.Debug|Any CPU.ActiveCfg = Debug|Any CPU
		{AF46E87D-7F62-B3E6-0AE7-42337CD3E681}.Debug|Any CPU.Build.0 = Debug|Any CPU
		{AF46E87D-7F62-B3E6-0AE7-42337CD3E681}.Release|Any CPU.ActiveCfg = Release|Any CPU
		{AF46E87D-7F62-B3E6-0AE7-42337CD3E681}.Release|Any CPU.Build.0 = Release|Any CPU
		{F62B6949-41C8-FCFD-9DEA-8923332F1E5D}.Debug|Any CPU.ActiveCfg = Debug|Any CPU
		{F62B6949-41C8-FCFD-9DEA-8923332F1E5D}.Debug|Any CPU.Build.0 = Debug|Any CPU
		{F62B6949-41C8-FCFD-9DEA-8923332F1E5D}.Release|Any CPU.ActiveCfg = Release|Any CPU
		{F62B6949-41C8-FCFD-9DEA-8923332F1E5D}.Release|Any CPU.Build.0 = Release|Any CPU
		{3AD55DAB-C9A5-AE34-4435-CC7AF9CC2B7D}.Debug|Any CPU.ActiveCfg = Debug|Any CPU
		{3AD55DAB-C9A5-AE34-4435-CC7AF9CC2B7D}.Debug|Any CPU.Build.0 = Debug|Any CPU
		{3AD55DAB-C9A5-AE34-4435-CC7AF9CC2B7D}.Release|Any CPU.ActiveCfg = Release|Any CPU
		{3AD55DAB-C9A5-AE34-4435-CC7AF9CC2B7D}.Release|Any CPU.Build.0 = Release|Any CPU
		{33558242-9C40-377C-397E-A9A0024B1F5F}.Debug|Any CPU.ActiveCfg = Debug|Any CPU
		{33558242-9C40-377C-397E-A9A0024B1F5F}.Debug|Any CPU.Build.0 = Debug|Any CPU
		{33558242-9C40-377C-397E-A9A0024B1F5F}.Release|Any CPU.ActiveCfg = Release|Any CPU
		{33558242-9C40-377C-397E-A9A0024B1F5F}.Release|Any CPU.Build.0 = Release|Any CPU
		{DDE4FB04-0EFE-F265-F90E-BD7F94B0DF80}.Debug|Any CPU.ActiveCfg = Debug|Any CPU
		{DDE4FB04-0EFE-F265-F90E-BD7F94B0DF80}.Debug|Any CPU.Build.0 = Debug|Any CPU
		{DDE4FB04-0EFE-F265-F90E-BD7F94B0DF80}.Release|Any CPU.ActiveCfg = Release|Any CPU
		{DDE4FB04-0EFE-F265-F90E-BD7F94B0DF80}.Release|Any CPU.Build.0 = Release|Any CPU
		{68C8CB18-5B3C-4A52-4C3C-DCF8CCE53238}.Debug|Any CPU.ActiveCfg = Debug|Any CPU
		{68C8CB18-5B3C-4A52-4C3C-DCF8CCE53238}.Debug|Any CPU.Build.0 = Debug|Any CPU
		{68C8CB18-5B3C-4A52-4C3C-DCF8CCE53238}.Release|Any CPU.ActiveCfg = Release|Any CPU
		{68C8CB18-5B3C-4A52-4C3C-DCF8CCE53238}.Release|Any CPU.Build.0 = Release|Any CPU
		{CD85621D-BBCC-28D5-5BAA-95B2687B1667}.Debug|Any CPU.ActiveCfg = Debug|Any CPU
		{CD85621D-BBCC-28D5-5BAA-95B2687B1667}.Debug|Any CPU.Build.0 = Debug|Any CPU
		{CD85621D-BBCC-28D5-5BAA-95B2687B1667}.Release|Any CPU.ActiveCfg = Release|Any CPU
		{CD85621D-BBCC-28D5-5BAA-95B2687B1667}.Release|Any CPU.Build.0 = Release|Any CPU
		{BBC04FF3-71EF-7A6D-A6C6-78B7EF4A4C56}.Debug|Any CPU.ActiveCfg = Debug|Any CPU
		{BBC04FF3-71EF-7A6D-A6C6-78B7EF4A4C56}.Debug|Any CPU.Build.0 = Debug|Any CPU
		{BBC04FF3-71EF-7A6D-A6C6-78B7EF4A4C56}.Release|Any CPU.ActiveCfg = Release|Any CPU
		{BBC04FF3-71EF-7A6D-A6C6-78B7EF4A4C56}.Release|Any CPU.Build.0 = Release|Any CPU
		{D66EA49C-BA55-5E97-7755-8164696F02CB}.Debug|Any CPU.ActiveCfg = Debug|Any CPU
		{D66EA49C-BA55-5E97-7755-8164696F02CB}.Debug|Any CPU.Build.0 = Debug|Any CPU
		{D66EA49C-BA55-5E97-7755-8164696F02CB}.Release|Any CPU.ActiveCfg = Release|Any CPU
		{D66EA49C-BA55-5E97-7755-8164696F02CB}.Release|Any CPU.Build.0 = Release|Any CPU
		{6EBF80F8-69B4-A050-108A-B7A5B34358BA}.Debug|Any CPU.ActiveCfg = Debug|Any CPU
		{6EBF80F8-69B4-A050-108A-B7A5B34358BA}.Debug|Any CPU.Build.0 = Debug|Any CPU
		{6EBF80F8-69B4-A050-108A-B7A5B34358BA}.Release|Any CPU.ActiveCfg = Release|Any CPU
		{6EBF80F8-69B4-A050-108A-B7A5B34358BA}.Release|Any CPU.Build.0 = Release|Any CPU
		{569665A4-D466-A39E-B6FE-C0192D530283}.Debug|Any CPU.ActiveCfg = Debug|Any CPU
		{569665A4-D466-A39E-B6FE-C0192D530283}.Debug|Any CPU.Build.0 = Debug|Any CPU
		{569665A4-D466-A39E-B6FE-C0192D530283}.Release|Any CPU.ActiveCfg = Release|Any CPU
		{569665A4-D466-A39E-B6FE-C0192D530283}.Release|Any CPU.Build.0 = Release|Any CPU
		{81E32C51-0429-4649-73A6-5CAE4B279F4B}.Debug|Any CPU.ActiveCfg = Debug|Any CPU
		{81E32C51-0429-4649-73A6-5CAE4B279F4B}.Debug|Any CPU.Build.0 = Debug|Any CPU
		{81E32C51-0429-4649-73A6-5CAE4B279F4B}.Release|Any CPU.ActiveCfg = Release|Any CPU
		{81E32C51-0429-4649-73A6-5CAE4B279F4B}.Release|Any CPU.Build.0 = Release|Any CPU
		{6E5BDFF4-F539-8F00-89DF-114446A039DF}.Debug|Any CPU.ActiveCfg = Debug|Any CPU
		{6E5BDFF4-F539-8F00-89DF-114446A039DF}.Debug|Any CPU.Build.0 = Debug|Any CPU
		{6E5BDFF4-F539-8F00-89DF-114446A039DF}.Release|Any CPU.ActiveCfg = Release|Any CPU
		{6E5BDFF4-F539-8F00-89DF-114446A039DF}.Release|Any CPU.Build.0 = Release|Any CPU
		{CCD27861-5F82-DAD5-E4A9-7EAB95E4F047}.Debug|Any CPU.ActiveCfg = Debug|Any CPU
		{CCD27861-5F82-DAD5-E4A9-7EAB95E4F047}.Debug|Any CPU.Build.0 = Debug|Any CPU
		{CCD27861-5F82-DAD5-E4A9-7EAB95E4F047}.Release|Any CPU.ActiveCfg = Release|Any CPU
		{CCD27861-5F82-DAD5-E4A9-7EAB95E4F047}.Release|Any CPU.Build.0 = Release|Any CPU
		{D4C1912B-942B-A783-E888-27786D10123E}.Debug|Any CPU.ActiveCfg = Debug|Any CPU
		{D4C1912B-942B-A783-E888-27786D10123E}.Debug|Any CPU.Build.0 = Debug|Any CPU
		{D4C1912B-942B-A783-E888-27786D10123E}.Release|Any CPU.ActiveCfg = Release|Any CPU
		{D4C1912B-942B-A783-E888-27786D10123E}.Release|Any CPU.Build.0 = Release|Any CPU
		{6B11FE70-3AA0-0D0A-AB1C-C615DD8DC5F5}.Debug|Any CPU.ActiveCfg = Debug|Any CPU
		{6B11FE70-3AA0-0D0A-AB1C-C615DD8DC5F5}.Debug|Any CPU.Build.0 = Debug|Any CPU
		{6B11FE70-3AA0-0D0A-AB1C-C615DD8DC5F5}.Release|Any CPU.ActiveCfg = Release|Any CPU
		{6B11FE70-3AA0-0D0A-AB1C-C615DD8DC5F5}.Release|Any CPU.Build.0 = Release|Any CPU
		{B1EBCCD4-7058-21BF-2B8F-25E7AD88D1BA}.Debug|Any CPU.ActiveCfg = Debug|Any CPU
		{B1EBCCD4-7058-21BF-2B8F-25E7AD88D1BA}.Debug|Any CPU.Build.0 = Debug|Any CPU
		{B1EBCCD4-7058-21BF-2B8F-25E7AD88D1BA}.Release|Any CPU.ActiveCfg = Release|Any CPU
		{B1EBCCD4-7058-21BF-2B8F-25E7AD88D1BA}.Release|Any CPU.Build.0 = Release|Any CPU
	EndGlobalSection
	GlobalSection(SolutionProperties) = preSolution
		HideSolutionNode = FALSE
	EndGlobalSection
EndGlobal
